
Microsoft Visual Studio Solution File, Format Version 12.00
# Visual Studio Version 17
VisualStudioVersion = 17.11.35312.102
MinimumVisualStudioVersion = 10.0.40219.1
Project("{2150E333-8FDC-42A3-9474-1A3956D46DE8}") = "02", "02", "{1627A6B9-5A54-447E-A9FB-157A1E631E98}"
EndProject
Project("{FAE04EC0-301F-11D3-BF4B-00C04F79EFBC}") = "Ejercicio02.Entidades", "Rectangulo\Ejercicio02.Entidades.csproj", "{00B8C617-F8B8-495F-A8CC-7FD3CEBF5435}"
EndProject
Project("{FAE04EC0-301F-11D3-BF4B-00C04F79EFBC}") = "Ejercicio02.Datos", "Ejercicio02.Datos\Ejercicio02.Datos.csproj", "{08CFD922-5FA8-4FFF-976C-9E976FEC07C7}"
EndProject
Project("{FAE04EC0-301F-11D3-BF4B-00C04F79EFBC}") = "Ejercicio02.Windows", "Ejercicio02.Windows\Ejercicio02.Windows.csproj", "{FF4EECE1-C917-4093-B138-E8EDF635D3B2}"
EndProject
Global
	GlobalSection(SolutionConfigurationPlatforms) = preSolution
		Debug|Any CPU = Debug|Any CPU
		Release|Any CPU = Release|Any CPU
	EndGlobalSection
	GlobalSection(ProjectConfigurationPlatforms) = postSolution
		{00B8C617-F8B8-495F-A8CC-7FD3CEBF5435}.Debug|Any CPU.ActiveCfg = Debug|Any CPU
		{00B8C617-F8B8-495F-A8CC-7FD3CEBF5435}.Debug|Any CPU.Build.0 = Debug|Any CPU
		{00B8C617-F8B8-495F-A8CC-7FD3CEBF5435}.Release|Any CPU.ActiveCfg = Release|Any CPU
		{00B8C617-F8B8-495F-A8CC-7FD3CEBF5435}.Release|Any CPU.Build.0 = Release|Any CPU
		{08CFD922-5FA8-4FFF-976C-9E976FEC07C7}.Debug|Any CPU.ActiveCfg = Debug|Any CPU
		{08CFD922-5FA8-4FFF-976C-9E976FEC07C7}.Debug|Any CPU.Build.0 = Debug|Any CPU
		{08CFD922-5FA8-4FFF-976C-9E976FEC07C7}.Release|Any CPU.ActiveCfg = Release|Any CPU
		{08CFD922-5FA8-4FFF-976C-9E976FEC07C7}.Release|Any CPU.Build.0 = Release|Any CPU
		{FF4EECE1-C917-4093-B138-E8EDF635D3B2}.Debug|Any CPU.ActiveCfg = Debug|Any CPU
		{FF4EECE1-C917-4093-B138-E8EDF635D3B2}.Debug|Any CPU.Build.0 = Debug|Any CPU
		{FF4EECE1-C917-4093-B138-E8EDF635D3B2}.Release|Any CPU.ActiveCfg = Release|Any CPU
		{FF4EECE1-C917-4093-B138-E8EDF635D3B2}.Release|Any CPU.Build.0 = Release|Any CPU
	EndGlobalSection
	GlobalSection(SolutionProperties) = preSolution
		HideSolutionNode = FALSE
	EndGlobalSection
	GlobalSection(NestedProjects) = preSolution
		{00B8C617-F8B8-495F-A8CC-7FD3CEBF5435} = {1627A6B9-5A54-447E-A9FB-157A1E631E98}
		{08CFD922-5FA8-4FFF-976C-9E976FEC07C7} = {1627A6B9-5A54-447E-A9FB-157A1E631E98}
		{FF4EECE1-C917-4093-B138-E8EDF635D3B2} = {1627A6B9-5A54-447E-A9FB-157A1E631E98}
	EndGlobalSection
	GlobalSection(ExtensibilityGlobals) = postSolution
		SolutionGuid = {F8428718-332F-4BA5-8CA7-0138ED6AB58C}
	EndGlobalSection
EndGlobal
